
Microsoft Visual Studio Solution File, Format Version 12.00
# Visual Studio 14
VisualStudioVersion = 14.0.24720.0
MinimumVisualStudioVersion = 10.0.40219.1
Project("{FAE04EC0-301F-11D3-BF4B-00C04F79EFBC}") = "MyApp", "MyApp\MyApp.csproj", "{D097797B-29C4-44AB-80D8-C4607ED13C7D}"
EndProject
Project("{FAE04EC0-301F-11D3-BF4B-00C04F79EFBC}") = "MyApp.UiTests", "MyApp.UiTests\MyApp.UiTests.csproj", "{4CE2F1BF-4901-42F3-86DA-26BE0627AE0C}"
EndProject
Global
	GlobalSection(SolutionConfigurationPlatforms) = preSolution
		Debug|Any CPU = Debug|Any CPU
		Debug|ARM = Debug|ARM
		Debug|x64 = Debug|x64
		Debug|x86 = Debug|x86
		Release|Any CPU = Release|Any CPU
		Release|ARM = Release|ARM
		Release|x64 = Release|x64
		Release|x86 = Release|x86
	EndGlobalSection
	GlobalSection(ProjectConfigurationPlatforms) = postSolution
		{D097797B-29C4-44AB-80D8-C4607ED13C7D}.Debug|Any CPU.ActiveCfg = Debug|x86
		{D097797B-29C4-44AB-80D8-C4607ED13C7D}.Debug|ARM.ActiveCfg = Debug|ARM
		{D097797B-29C4-44AB-80D8-C4607ED13C7D}.Debug|ARM.Build.0 = Debug|ARM
		{D097797B-29C4-44AB-80D8-C4607ED13C7D}.Debug|ARM.Deploy.0 = Debug|ARM
		{D097797B-29C4-44AB-80D8-C4607ED13C7D}.Debug|x64.ActiveCfg = Debug|x64
		{D097797B-29C4-44AB-80D8-C4607ED13C7D}.Debug|x64.Build.0 = Debug|x64
		{D097797B-29C4-44AB-80D8-C4607ED13C7D}.Debug|x64.Deploy.0 = Debug|x64
		{D097797B-29C4-44AB-80D8-C4607ED13C7D}.Debug|x86.ActiveCfg = Debug|x86
		{D097797B-29C4-44AB-80D8-C4607ED13C7D}.Debug|x86.Build.0 = Debug|x86
		{D097797B-29C4-44AB-80D8-C4607ED13C7D}.Debug|x86.Deploy.0 = Debug|x86
		{D097797B-29C4-44AB-80D8-C4607ED13C7D}.Release|Any CPU.ActiveCfg = Release|x86
		{D097797B-29C4-44AB-80D8-C4607ED13C7D}.Release|ARM.ActiveCfg = Release|ARM
		{D097797B-29C4-44AB-80D8-C4607ED13C7D}.Release|ARM.Build.0 = Release|ARM
		{D097797B-29C4-44AB-80D8-C4607ED13C7D}.Release|ARM.Deploy.0 = Release|ARM
		{D097797B-29C4-44AB-80D8-C4607ED13C7D}.Release|x64.ActiveCfg = Release|x64
		{D097797B-29C4-44AB-80D8-C4607ED13C7D}.Release|x64.Build.0 = Release|x64
		{D097797B-29C4-44AB-80D8-C4607ED13C7D}.Release|x64.Deploy.0 = Release|x64
		{D097797B-29C4-44AB-80D8-C4607ED13C7D}.Release|x86.ActiveCfg = Release|x86
		{D097797B-29C4-44AB-80D8-C4607ED13C7D}.Release|x86.Build.0 = Release|x86
		{D097797B-29C4-44AB-80D8-C4607ED13C7D}.Release|x86.Deploy.0 = Release|x86
		{4CE2F1BF-4901-42F3-86DA-26BE0627AE0C}.Debug|Any CPU.ActiveCfg = Debug|Any CPU
		{4CE2F1BF-4901-42F3-86DA-26BE0627AE0C}.Debug|Any CPU.Build.0 = Debug|Any CPU
		{4CE2F1BF-4901-42F3-86DA-26BE0627AE0C}.Debug|ARM.ActiveCfg = Debug|Any CPU
		{4CE2F1BF-4901-42F3-86DA-26BE0627AE0C}.Debug|ARM.Build.0 = Debug|Any CPU
		{4CE2F1BF-4901-42F3-86DA-26BE0627AE0C}.Debug|x64.ActiveCfg = Debug|Any CPU
		{4CE2F1BF-4901-42F3-86DA-26BE0627AE0C}.Debug|x64.Build.0 = Debug|Any CPU
		{4CE2F1BF-4901-42F3-86DA-26BE0627AE0C}.Debug|x86.ActiveCfg = Debug|Any CPU
		{4CE2F1BF-4901-42F3-86DA-26BE0627AE0C}.Debug|x86.Build.0 = Debug|Any CPU
		{4CE2F1BF-4901-42F3-86DA-26BE0627AE0C}.Release|Any CPU.ActiveCfg = Release|Any CPU
		{4CE2F1BF-4901-42F3-86DA-26BE0627AE0C}.Release|Any CPU.Build.0 = Release|Any CPU
		{4CE2F1BF-4901-42F3-86DA-26BE0627AE0C}.Release|ARM.ActiveCfg = Release|Any CPU
		{4CE2F1BF-4901-42F3-86DA-26BE0627AE0C}.Release|ARM.Build.0 = Release|Any CPU
		{4CE2F1BF-4901-42F3-86DA-26BE0627AE0C}.Release|x64.ActiveCfg = Release|Any CPU
		{4CE2F1BF-4901-42F3-86DA-26BE0627AE0C}.Release|x64.Build.0 = Release|Any CPU
		{4CE2F1BF-4901-42F3-86DA-26BE0627AE0C}.Release|x86.ActiveCfg = Release|Any CPU
		{4CE2F1BF-4901-42F3-86DA-26BE0627AE0C}.Release|x86.Build.0 = Release|Any CPU
	EndGlobalSection
	GlobalSection(SolutionProperties) = preSolution
		HideSolutionNode = FALSE
	EndGlobalSection
EndGlobal
